// !$*UTF8*$!
{
	archiveVersion = 1;
	classes = {
	};
	objectVersion = 46;
	objects = {

/* Begin PBXBuildFile section */
		16013BB81A8FD5B000CFD476 /* AppDelegate.m in Sources */ = {isa = PBXBuildFile; fileRef = 16013BB71A8FD5B000CFD476 /* AppDelegate.m */; };
		16013BBA1A8FD5B000CFD476 /* main.m in Sources */ = {isa = PBXBuildFile; fileRef = 16013BB91A8FD5B000CFD476 /* main.m */; };
		16013BBD1A8FD5B000CFD476 /* ViewController.m in Sources */ = {isa = PBXBuildFile; fileRef = 16013BBC1A8FD5B000CFD476 /* ViewController.m */; };
		16013BBF1A8FD5B000CFD476 /* Images.xcassets in Resources */ = {isa = PBXBuildFile; fileRef = 16013BBE1A8FD5B000CFD476 /* Images.xcassets */; };
		16013BC21A8FD5B000CFD476 /* Main.storyboard in Resources */ = {isa = PBXBuildFile; fileRef = 16013BC01A8FD5B000CFD476 /* Main.storyboard */; };
		16013BCE1A8FD5B000CFD476 /* Homework5JFBenoitTests.m in Sources */ = {isa = PBXBuildFile; fileRef = 16013BCD1A8FD5B000CFD476 /* Homework5JFBenoitTests.m */; };
		16013BD91A8FD89A00CFD476 /* StockViewController.m in Sources */ = {isa = PBXBuildFile; fileRef = 16013BD81A8FD89A00CFD476 /* StockViewController.m */; };
		16013BDC1A8FD8B500CFD476 /* ShapeViewController.m in Sources */ = {isa = PBXBuildFile; fileRef = 16013BDB1A8FD8B500CFD476 /* ShapeViewController.m */; };
		16013BDF1A8FD8C800CFD476 /* ArtViewController.m in Sources */ = {isa = PBXBuildFile; fileRef = 16013BDE1A8FD8C800CFD476 /* ArtViewController.m */; };
		16013BE31A8FF7EF00CFD476 /* pattern.png in Resources */ = {isa = PBXBuildFile; fileRef = 16013BE21A8FF7EF00CFD476 /* pattern.png */; };
		16013BE61A90343500CFD476 /* Complex.m in Sources */ = {isa = PBXBuildFile; fileRef = 16013BE51A90343500CFD476 /* Complex.m */; };
		16013BE81A904DB600CFD476 /* notes.rtf in Resources */ = {isa = PBXBuildFile; fileRef = 16013BE71A904DB600CFD476 /* notes.rtf */; };
/* End PBXBuildFile section */

/* Begin PBXContainerItemProxy section */
		16013BC81A8FD5B000CFD476 /* PBXContainerItemProxy */ = {
			isa = PBXContainerItemProxy;
			containerPortal = 16013BA91A8FD5B000CFD476 /* Project object */;
			proxyType = 1;
			remoteGlobalIDString = 16013BB01A8FD5B000CFD476;
			remoteInfo = Homework5JFBenoit;
		};
/* End PBXContainerItemProxy section */

/* Begin PBXFileReference section */
		16013BB11A8FD5B000CFD476 /* Homework5JFBenoit.app */ = {isa = PBXFileReference; explicitFileType = wrapper.application; includeInIndex = 0; path = Homework5JFBenoit.app; sourceTree = BUILT_PRODUCTS_DIR; };
		16013BB51A8FD5B000CFD476 /* Info.plist */ = {isa = PBXFileReference; lastKnownFileType = text.plist.xml; path = Info.plist; sourceTree = "<group>"; };
		16013BB61A8FD5B000CFD476 /* AppDelegate.h */ = {isa = PBXFileReference; lastKnownFileType = sourcecode.c.h; path = AppDelegate.h; sourceTree = "<group>"; };
		16013BB71A8FD5B000CFD476 /* AppDelegate.m */ = {isa = PBXFileReference; lastKnownFileType = sourcecode.c.objc; path = AppDelegate.m; sourceTree = "<group>"; };
		16013BB91A8FD5B000CFD476 /* main.m */ = {isa = PBXFileReference; lastKnownFileType = sourcecode.c.objc; path = main.m; sourceTree = "<group>"; };
		16013BBB1A8FD5B000CFD476 /* ViewController.h */ = {isa = PBXFileReference; lastKnownFileType = sourcecode.c.h; path = ViewController.h; sourceTree = "<group>"; };
		16013BBC1A8FD5B000CFD476 /* ViewController.m */ = {isa = PBXFileReference; lastKnownFileType = sourcecode.c.objc; path = ViewController.m; sourceTree = "<group>"; };
		16013BBE1A8FD5B000CFD476 /* Images.xcassets */ = {isa = PBXFileReference; lastKnownFileType = folder.assetcatalog; path = Images.xcassets; sourceTree = "<group>"; };
		16013BC11A8FD5B000CFD476 /* Base */ = {isa = PBXFileReference; lastKnownFileType = file.storyboard; name = Base; path = Base.lproj/Main.storyboard; sourceTree = "<group>"; };
		16013BC71A8FD5B000CFD476 /* Homework5JFBenoitTests.xctest */ = {isa = PBXFileReference; explicitFileType = wrapper.cfbundle; includeInIndex = 0; path = Homework5JFBenoitTests.xctest; sourceTree = BUILT_PRODUCTS_DIR; };
		16013BCC1A8FD5B000CFD476 /* Info.plist */ = {isa = PBXFileReference; lastKnownFileType = text.plist.xml; path = Info.plist; sourceTree = "<group>"; };
		16013BCD1A8FD5B000CFD476 /* Homework5JFBenoitTests.m */ = {isa = PBXFileReference; lastKnownFileType = sourcecode.c.objc; path = Homework5JFBenoitTests.m; sourceTree = "<group>"; };
		16013BD71A8FD89A00CFD476 /* StockViewController.h */ = {isa = PBXFileReference; fileEncoding = 4; lastKnownFileType = sourcecode.c.h; path = StockViewController.h; sourceTree = "<group>"; };
		16013BD81A8FD89A00CFD476 /* StockViewController.m */ = {isa = PBXFileReference; fileEncoding = 4; lastKnownFileType = sourcecode.c.objc; path = StockViewController.m; sourceTree = "<group>"; };
		16013BDA1A8FD8B500CFD476 /* ShapeViewController.h */ = {isa = PBXFileReference; fileEncoding = 4; lastKnownFileType = sourcecode.c.h; path = ShapeViewController.h; sourceTree = "<group>"; };
		16013BDB1A8FD8B500CFD476 /* ShapeViewController.m */ = {isa = PBXFileReference; fileEncoding = 4; lastKnownFileType = sourcecode.c.objc; path = ShapeViewController.m; sourceTree = "<group>"; };
		16013BDD1A8FD8C800CFD476 /* ArtViewController.h */ = {isa = PBXFileReference; fileEncoding = 4; lastKnownFileType = sourcecode.c.h; path = ArtViewController.h; sourceTree = "<group>"; };
		16013BDE1A8FD8C800CFD476 /* ArtViewController.m */ = {isa = PBXFileReference; fileEncoding = 4; lastKnownFileType = sourcecode.c.objc; path = ArtViewController.m; sourceTree = "<group>"; };
		16013BE21A8FF7EF00CFD476 /* pattern.png */ = {isa = PBXFileReference; lastKnownFileType = image.png; path = pattern.png; sourceTree = "<group>"; };
		16013BE41A90343500CFD476 /* Complex.h */ = {isa = PBXFileReference; fileEncoding = 4; lastKnownFileType = sourcecode.c.h; path = Complex.h; sourceTree = "<group>"; };
		16013BE51A90343500CFD476 /* Complex.m */ = {isa = PBXFileReference; fileEncoding = 4; lastKnownFileType = sourcecode.c.objc; path = Complex.m; sourceTree = "<group>"; };
		16013BE71A904DB600CFD476 /* notes.rtf */ = {isa = PBXFileReference; fileEncoding = 4; lastKnownFileType = text.rtf; path = notes.rtf; sourceTree = "<group>"; };
/* End PBXFileReference section */

/* Begin PBXFrameworksBuildPhase section */
		16013BAE1A8FD5B000CFD476 /* Frameworks */ = {
			isa = PBXFrameworksBuildPhase;
			buildActionMask = 2147483647;
			files = (
			);
			runOnlyForDeploymentPostprocessing = 0;
		};
		16013BC41A8FD5B000CFD476 /* Frameworks */ = {
			isa = PBXFrameworksBuildPhase;
			buildActionMask = 2147483647;
			files = (
			);
			runOnlyForDeploymentPostprocessing = 0;
		};
/* End PBXFrameworksBuildPhase section */

/* Begin PBXGroup section */
		16013BA81A8FD5B000CFD476 = {
			isa = PBXGroup;
			children = (
				16013BB31A8FD5B000CFD476 /* Homework5JFBenoit */,
				16013BCA1A8FD5B000CFD476 /* Homework5JFBenoitTests */,
				16013BB21A8FD5B000CFD476 /* Products */,
			);
			sourceTree = "<group>";
		};
		16013BB21A8FD5B000CFD476 /* Products */ = {
			isa = PBXGroup;
			children = (
				16013BB11A8FD5B000CFD476 /* Homework5JFBenoit.app */,
				16013BC71A8FD5B000CFD476 /* Homework5JFBenoitTests.xctest */,
			);
			name = Products;
			sourceTree = "<group>";
		};
		16013BB31A8FD5B000CFD476 /* Homework5JFBenoit */ = {
			isa = PBXGroup;
			children = (
				16013BE21A8FF7EF00CFD476 /* pattern.png */,
				16013BB61A8FD5B000CFD476 /* AppDelegate.h */,
				16013BB71A8FD5B000CFD476 /* AppDelegate.m */,
				16013BBB1A8FD5B000CFD476 /* ViewController.h */,
				16013BBC1A8FD5B000CFD476 /* ViewController.m */,
				16013BBE1A8FD5B000CFD476 /* Images.xcassets */,
				16013BC01A8FD5B000CFD476 /* Main.storyboard */,
				16013BD71A8FD89A00CFD476 /* StockViewController.h */,
				16013BD81A8FD89A00CFD476 /* StockViewController.m */,
				16013BDA1A8FD8B500CFD476 /* ShapeViewController.h */,
				16013BDB1A8FD8B500CFD476 /* ShapeViewController.m */,
				16013BDD1A8FD8C800CFD476 /* ArtViewController.h */,
				16013BDE1A8FD8C800CFD476 /* ArtViewController.m */,
				16013BE71A904DB600CFD476 /* notes.rtf */,
				16013BE41A90343500CFD476 /* Complex.h */,
				16013BE51A90343500CFD476 /* Complex.m */,
				16013BB41A8FD5B000CFD476 /* Supporting Files */,
			);
			path = Homework5JFBenoit;
			sourceTree = "<group>";
		};
		16013BB41A8FD5B000CFD476 /* Supporting Files */ = {
			isa = PBXGroup;
			children = (
				16013BB51A8FD5B000CFD476 /* Info.plist */,
				16013BB91A8FD5B000CFD476 /* main.m */,
			);
			name = "Supporting Files";
			sourceTree = "<group>";
		};
		16013BCA1A8FD5B000CFD476 /* Homework5JFBenoitTests */ = {
			isa = PBXGroup;
			children = (
				16013BCD1A8FD5B000CFD476 /* Homework5JFBenoitTests.m */,
				16013BCB1A8FD5B000CFD476 /* Supporting Files */,
			);
			path = Homework5JFBenoitTests;
			sourceTree = "<group>";
		};
		16013BCB1A8FD5B000CFD476 /* Supporting Files */ = {
			isa = PBXGroup;
			children = (
				16013BCC1A8FD5B000CFD476 /* Info.plist */,
			);
			name = "Supporting Files";
			sourceTree = "<group>";
		};
/* End PBXGroup section */

/* Begin PBXNativeTarget section */
		16013BB01A8FD5B000CFD476 /* Homework5JFBenoit */ = {
			isa = PBXNativeTarget;
			buildConfigurationList = 16013BD11A8FD5B000CFD476 /* Build configuration list for PBXNativeTarget "Homework5JFBenoit" */;
			buildPhases = (
				16013BAD1A8FD5B000CFD476 /* Sources */,
				16013BAE1A8FD5B000CFD476 /* Frameworks */,
				16013BAF1A8FD5B000CFD476 /* Resources */,
			);
			buildRules = (
			);
			dependencies = (
			);
			name = Homework5JFBenoit;
			productName = Homework5JFBenoit;
			productReference = 16013BB11A8FD5B000CFD476 /* Homework5JFBenoit.app */;
			productType = "com.apple.product-type.application";
		};
		16013BC61A8FD5B000CFD476 /* Homework5JFBenoitTests */ = {
			isa = PBXNativeTarget;
			buildConfigurationList = 16013BD41A8FD5B000CFD476 /* Build configuration list for PBXNativeTarget "Homework5JFBenoitTests" */;
			buildPhases = (
				16013BC31A8FD5B000CFD476 /* Sources */,
				16013BC41A8FD5B000CFD476 /* Frameworks */,
				16013BC51A8FD5B000CFD476 /* Resources */,
			);
			buildRules = (
			);
			dependencies = (
				16013BC91A8FD5B000CFD476 /* PBXTargetDependency */,
			);
			name = Homework5JFBenoitTests;
			productName = Homework5JFBenoitTests;
			productReference = 16013BC71A8FD5B000CFD476 /* Homework5JFBenoitTests.xctest */;
			productType = "com.apple.product-type.bundle.unit-test";
		};
/* End PBXNativeTarget section */

/* Begin PBXProject section */
		16013BA91A8FD5B000CFD476 /* Project object */ = {
			isa = PBXProject;
			attributes = {
				LastUpgradeCheck = 0610;
				ORGANIZATIONNAME = "Jacob Benoit";
				TargetAttributes = {
					16013BB01A8FD5B000CFD476 = {
						CreatedOnToolsVersion = 6.1.1;
					};
					16013BC61A8FD5B000CFD476 = {
						CreatedOnToolsVersion = 6.1.1;
						TestTargetID = 16013BB01A8FD5B000CFD476;
					};
				};
			};
			buildConfigurationList = 16013BAC1A8FD5B000CFD476 /* Build configuration list for PBXProject "Homework5JFBenoit" */;
			compatibilityVersion = "Xcode 3.2";
			developmentRegion = English;
			hasScannedForEncodings = 0;
			knownRegions = (
				en,
				Base,
			);
			mainGroup = 16013BA81A8FD5B000CFD476;
			productRefGroup = 16013BB21A8FD5B000CFD476 /* Products */;
			projectDirPath = "";
			projectRoot = "";
			targets = (
				16013BB01A8FD5B000CFD476 /* Homework5JFBenoit */,
				16013BC61A8FD5B000CFD476 /* Homework5JFBenoitTests */,
			);
		};
/* End PBXProject section */

/* Begin PBXResourcesBuildPhase section */
		16013BAF1A8FD5B000CFD476 /* Resources */ = {
			isa = PBXResourcesBuildPhase;
			buildActionMask = 2147483647;
			files = (
				16013BE81A904DB600CFD476 /* notes.rtf in Resources */,
				16013BE31A8FF7EF00CFD476 /* pattern.png in Resources */,
				16013BBF1A8FD5B000CFD476 /* Images.xcassets in Resources */,
				16013BC21A8FD5B000CFD476 /* Main.storyboard in Resources */,
			);
			runOnlyForDeploymentPostprocessing = 0;
		};
		16013BC51A8FD5B000CFD476 /* Resources */ = {
			isa = PBXResourcesBuildPhase;
			buildActionMask = 2147483647;
			files = (
			);
			runOnlyForDeploymentPostprocessing = 0;
		};
/* End PBXResourcesBuildPhase section */

/* Begin PBXSourcesBuildPhase section */
		16013BAD1A8FD5B000CFD476 /* Sources */ = {
			isa = PBXSourcesBuildPhase;
			buildActionMask = 2147483647;
			files = (
				16013BDF1A8FD8C800CFD476 /* ArtViewController.m in Sources */,
				16013BBD1A8FD5B000CFD476 /* ViewController.m in Sources */,
				16013BDC1A8FD8B500CFD476 /* ShapeViewController.m in Sources */,
				16013BBA1A8FD5B000CFD476 /* main.m in Sources */,
				16013BE61A90343500CFD476 /* Complex.m in Sources */,
				16013BB81A8FD5B000CFD476 /* AppDelegate.m in Sources */,
				16013BD91A8FD89A00CFD476 /* StockViewController.m in Sources */,
			);
			runOnlyForDeploymentPostprocessing = 0;
		};
		16013BC31A8FD5B000CFD476 /* Sources */ = {
			isa = PBXSourcesBuildPhase;
			buildActionMask = 2147483647;
			files = (
				16013BCE1A8FD5B000CFD476 /* Homework5JFBenoitTests.m in Sources */,
			);
			runOnlyForDeploymentPostprocessing = 0;
		};
/* End PBXSourcesBuildPhase section */

/* Begin PBXTargetDependency section */
		16013BC91A8FD5B000CFD476 /* PBXTargetDependency */ = {
			isa = PBXTargetDependency;
			target = 16013BB01A8FD5B000CFD476 /* Homework5JFBenoit */;
			targetProxy = 16013BC81A8FD5B000CFD476 /* PBXContainerItemProxy */;
		};
/* End PBXTargetDependency section */

/* Begin PBXVariantGroup section */
		16013BC01A8FD5B000CFD476 /* Main.storyboard */ = {
			isa = PBXVariantGroup;
			children = (
				16013BC11A8FD5B000CFD476 /* Base */,
			);
			name = Main.storyboard;
			sourceTree = "<group>";
		};
/* End PBXVariantGroup section */

/* Begin XCBuildConfiguration section */
		16013BCF1A8FD5B000CFD476 /* Debug */ = {
			isa = XCBuildConfiguration;
			buildSettings = {
				ALWAYS_SEARCH_USER_PATHS = NO;
				CLANG_CXX_LANGUAGE_STANDARD = "gnu++0x";
				CLANG_CXX_LIBRARY = "libc++";
				CLANG_ENABLE_MODULES = YES;
				CLANG_ENABLE_OBJC_ARC = YES;
				CLANG_WARN_BOOL_CONVERSION = YES;
				CLANG_WARN_CONSTANT_CONVERSION = YES;
				CLANG_WARN_DIRECT_OBJC_ISA_USAGE = YES_ERROR;
				CLANG_WARN_EMPTY_BODY = YES;
				CLANG_WARN_ENUM_CONVERSION = YES;
				CLANG_WARN_INT_CONVERSION = YES;
				CLANG_WARN_OBJC_ROOT_CLASS = YES_ERROR;
				CLANG_WARN_UNREACHABLE_CODE = YES;
				CLANG_WARN__DUPLICATE_METHOD_MATCH = YES;
				CODE_SIGN_IDENTITY = "-";
				COPY_PHASE_STRIP = NO;
				ENABLE_STRICT_OBJC_MSGSEND = YES;
				GCC_C_LANGUAGE_STANDARD = gnu99;
				GCC_DYNAMIC_NO_PIC = NO;
				GCC_OPTIMIZATION_LEVEL = 0;
				GCC_PREPROCESSOR_DEFINITIONS = (
					"DEBUG=1",
					"$(inherited)",
				);
				GCC_SYMBOLS_PRIVATE_EXTERN = NO;
				GCC_WARN_64_TO_32_BIT_CONVERSION = YES;
				GCC_WARN_ABOUT_RETURN_TYPE = YES_ERROR;
				GCC_WARN_UNDECLARED_SELECTOR = YES;
				GCC_WARN_UNINITIALIZED_AUTOS = YES_AGGRESSIVE;
				GCC_WARN_UNUSED_FUNCTION = YES;
				GCC_WARN_UNUSED_VARIABLE = YES;
				MACOSX_DEPLOYMENT_TARGET = 10.10;
				MTL_ENABLE_DEBUG_INFO = YES;
				ONLY_ACTIVE_ARCH = YES;
				SDKROOT = macosx;
			};
			name = Debug;
		};
		16013BD01A8FD5B000CFD476 /* Release */ = {
			isa = XCBuildConfiguration;
			buildSettings = {
				ALWAYS_SEARCH_USER_PATHS = NO;
				CLANG_CXX_LANGUAGE_STANDARD = "gnu++0x";
				CLANG_CXX_LIBRARY = "libc++";
				CLANG_ENABLE_MODULES = YES;
				CLANG_ENABLE_OBJC_ARC = YES;
				CLANG_WARN_BOOL_CONVERSION = YES;
				CLANG_WARN_CONSTANT_CONVERSION = YES;
				CLANG_WARN_DIRECT_OBJC_ISA_USAGE = YES_ERROR;
				CLANG_WARN_EMPTY_BODY = YES;
				CLANG_WARN_ENUM_CONVERSION = YES;
				CLANG_WARN_INT_CONVERSION = YES;
				CLANG_WARN_OBJC_ROOT_CLASS = YES_ERROR;
				CLANG_WARN_UNREACHABLE_CODE = YES;
				CLANG_WARN__DUPLICATE_METHOD_MATCH = YES;
				CODE_SIGN_IDENTITY = "-";
				COPY_PHASE_STRIP = YES;
				DEBUG_INFORMATION_FORMAT = "dwarf-with-dsym";
				ENABLE_NS_ASSERTIONS = NO;
				ENABLE_STRICT_OBJC_MSGSEND = YES;
				GCC_C_LANGUAGE_STANDARD = gnu99;
				GCC_WARN_64_TO_32_BIT_CONVERSION = YES;
				GCC_WARN_ABOUT_RETURN_TYPE = YES_ERROR;
				GCC_WARN_UNDECLARED_SELECTOR = YES;
				GCC_WARN_UNINITIALIZED_AUTOS = YES_AGGRESSIVE;
				GCC_WARN_UNUSED_FUNCTION = YES;
				GCC_WARN_UNUSED_VARIABLE = YES;
				MACOSX_DEPLOYMENT_TARGET = 10.10;
				MTL_ENABLE_DEBUG_INFO = NO;
				SDKROOT = macosx;
			};
			name = Release;
		};
		16013BD21A8FD5B000CFD476 /* Debug */ = {
			isa = XCBuildConfiguration;
			buildSettings = {
				ASSETCATALOG_COMPILER_APPICON_NAME = AppIcon;
				COMBINE_HIDPI_IMAGES = YES;
				INFOPLIST_FILE = Homework5JFBenoit/Info.plist;
				LD_RUNPATH_SEARCH_PATHS = "$(inherited) @executable_path/../Frameworks";
				PRODUCT_NAME = "$(TARGET_NAME)";
			};
			name = Debug;
		};
		16013BD31A8FD5B000CFD476 /* Release */ = {
			isa = XCBuildConfiguration;
			buildSettings = {
				ASSETCATALOG_COMPILER_APPICON_NAME = AppIcon;
				COMBINE_HIDPI_IMAGES = YES;
				INFOPLIST_FILE = Homework5JFBenoit/Info.plist;
				LD_RUNPATH_SEARCH_PATHS = "$(inherited) @executable_path/../Frameworks";
				PRODUCT_NAME = "$(TARGET_NAME)";
			};
			name = Release;
		};
		16013BD51A8FD5B000CFD476 /* Debug */ = {
			isa = XCBuildConfiguration;
			buildSettings = {
				BUNDLE_LOADER = "$(TEST_HOST)";
				COMBINE_HIDPI_IMAGES = YES;
				FRAMEWORK_SEARCH_PATHS = (
					"$(DEVELOPER_FRAMEWORKS_DIR)",
					"$(inherited)",
				);
				GCC_PREPROCESSOR_DEFINITIONS = (
					"DEBUG=1",
					"$(inherited)",
				);
				INFOPLIST_FILE = Homework5JFBenoitTests/Info.plist;
				LD_RUNPATH_SEARCH_PATHS = "$(inherited) @executable_path/../Frameworks @loader_path/../Frameworks";
				PRODUCT_NAME = "$(TARGET_NAME)";
				TEST_HOST = "$(BUILT_PRODUCTS_DIR)/Homework5JFBenoit.app/Contents/MacOS/Homework5JFBenoit";
			};
			name = Debug;
		};
		16013BD61A8FD5B000CFD476 /* Release */ = {
			isa = XCBuildConfiguration;
			buildSettings = {
				BUNDLE_LOADER = "$(TEST_HOST)";
				COMBINE_HIDPI_IMAGES = YES;
				FRAMEWORK_SEARCH_PATHS = (
					"$(DEVELOPER_FRAMEWORKS_DIR)",
					"$(inherited)",
				);
				INFOPLIST_FILE = Homework5JFBenoitTests/Info.plist;
				LD_RUNPATH_SEARCH_PATHS = "$(inherited) @executable_path/../Frameworks @loader_path/../Frameworks";
				PRODUCT_NAME = "$(TARGET_NAME)";
				TEST_HOST = "$(BUILT_PRODUCTS_DIR)/Homework5JFBenoit.app/Contents/MacOS/Homework5JFBenoit";
			};
			name = Release;
		};
/* End XCBuildConfiguration section */

/* Begin XCConfigurationList section */
		16013BAC1A8FD5B000CFD476 /* Build configuration list for PBXProject "Homework5JFBenoit" */ = {
			isa = XCConfigurationList;
			buildConfigurations = (
				16013BCF1A8FD5B000CFD476 /* Debug */,
				16013BD01A8FD5B000CFD476 /* Release */,
			);
			defaultConfigurationIsVisible = 0;
			defaultConfigurationName = Release;
		};
		16013BD11A8FD5B000CFD476 /* Build configuration list for PBXNativeTarget "Homework5JFBenoit" */ = {
			isa = XCConfigurationList;
			buildConfigurations = (
				16013BD21A8FD5B000CFD476 /* Debug */,
				16013BD31A8FD5B000CFD476 /* Release */,
			);
			defaultConfigurationIsVisible = 0;
		};
		16013BD41A8FD5B000CFD476 /* Build configuration list for PBXNativeTarget "Homework5JFBenoitTests" */ = {
			isa = XCConfigurationList;
			buildConfigurations = (
				16013BD51A8FD5B000CFD476 /* Debug */,
				16013BD61A8FD5B000CFD476 /* Release */,
			);
			defaultConfigurationIsVisible = 0;
		};
/* End XCConfigurationList section */
	};
	rootObject = 16013BA91A8FD5B000CFD476 /* Project object */;
}
